
Microsoft Visual Studio Solution File, Format Version 12.00
# Visual Studio 15
VisualStudioVersion = 15.0.26430.16
MinimumVisualStudioVersion = 10.0.40219.1
Project("{FAE04EC0-301F-11D3-BF4B-00C04F79EFBC}") = "LetterApp", "LetterApp\LetterApp.csproj", "{AEB45A20-2D9F-41F4-BA79-8E585A3AA70F}"
EndProject
Project("{FAE04EC0-301F-11D3-BF4B-00C04F79EFBC}") = "LetterCore", "LetterCore\LetterCore.csproj", "{6542EE75-261E-4E2D-B85D-75FA5F09C4C8}"
EndProject
Project("{FAE04EC0-301F-11D3-BF4B-00C04F79EFBC}") = "Test", "Test\Test.csproj", "{52DD78D2-98C8-4ABD-85E0-26CE453AE703}"
EndProject
Project("{FAE04EC0-301F-11D3-BF4B-00C04F79EFBC}") = "AdvancedDataGridView", "AdvancedDataGridView\AdvancedDataGridView.csproj", "{6EBA0A55-B390-4479-A564-58D46094998D}"
EndProject
Global
	GlobalSection(SolutionConfigurationPlatforms) = preSolution
		Debug|Any CPU = Debug|Any CPU
		Release|Any CPU = Release|Any CPU
	EndGlobalSection
	GlobalSection(ProjectConfigurationPlatforms) = postSolution
		{AEB45A20-2D9F-41F4-BA79-8E585A3AA70F}.Debug|Any CPU.ActiveCfg = Debug|Any CPU
		{AEB45A20-2D9F-41F4-BA79-8E585A3AA70F}.Debug|Any CPU.Build.0 = Debug|Any CPU
		{AEB45A20-2D9F-41F4-BA79-8E585A3AA70F}.Release|Any CPU.ActiveCfg = Release|Any CPU
		{AEB45A20-2D9F-41F4-BA79-8E585A3AA70F}.Release|Any CPU.Build.0 = Release|Any CPU
		{6542EE75-261E-4E2D-B85D-75FA5F09C4C8}.Debug|Any CPU.ActiveCfg = Debug|Any CPU
		{6542EE75-261E-4E2D-B85D-75FA5F09C4C8}.Debug|Any CPU.Build.0 = Debug|Any CPU
		{6542EE75-261E-4E2D-B85D-75FA5F09C4C8}.Release|Any CPU.ActiveCfg = Release|Any CPU
		{6542EE75-261E-4E2D-B85D-75FA5F09C4C8}.Release|Any CPU.Build.0 = Release|Any CPU
		{52DD78D2-98C8-4ABD-85E0-26CE453AE703}.Debug|Any CPU.ActiveCfg = Debug|Any CPU
		{52DD78D2-98C8-4ABD-85E0-26CE453AE703}.Debug|Any CPU.Build.0 = Debug|Any CPU
		{52DD78D2-98C8-4ABD-85E0-26CE453AE703}.Release|Any CPU.ActiveCfg = Release|Any CPU
		{52DD78D2-98C8-4ABD-85E0-26CE453AE703}.Release|Any CPU.Build.0 = Release|Any CPU
		{6EBA0A55-B390-4479-A564-58D46094998D}.Debug|Any CPU.ActiveCfg = Debug|Any CPU
		{6EBA0A55-B390-4479-A564-58D46094998D}.Debug|Any CPU.Build.0 = Debug|Any CPU
		{6EBA0A55-B390-4479-A564-58D46094998D}.Release|Any CPU.ActiveCfg = Release|Any CPU
		{6EBA0A55-B390-4479-A564-58D46094998D}.Release|Any CPU.Build.0 = Release|Any CPU
	EndGlobalSection
	GlobalSection(SolutionProperties) = preSolution
		HideSolutionNode = FALSE
	EndGlobalSection
EndGlobal
